
Microsoft Visual Studio Solution File, Format Version 12.00
# Visual Studio Version 16
VisualStudioVersion = 16.0.30517.126
MinimumVisualStudioVersion = 10.0.40219.1
Project("{2150E333-8FDC-42A3-9474-1A3956D46DE8}") = "WMS2.0", "WMS2.0", "{8EC53B23-3B10-4D2F-9004-6C79D168F94C}"
EndProject
Project("{2150E333-8FDC-42A3-9474-1A3956D46DE8}") = "Comm", "Comm", "{13A11235-7D1E-47EE-BFDC-8EB1271809CC}"
EndProject
Project("{FAE04EC0-301F-11D3-BF4B-00C04F79EFBC}") = "LTLibrary", "Comm\LTLibrary\LTLibrary.csproj", "{C478C464-25A1-4CE8-BD16-D22118CD2E88}"
EndProject
Project("{FAE04EC0-301F-11D3-BF4B-00C04F79EFBC}") = "LTWMSEFModel", "WMS2.0\LTWMSEFModel\LTWMSEFModel.csproj", "{9702C3F1-885F-4AE7-A521-07E7AB1DBE98}"
EndProject
Project("{FAE04EC0-301F-11D3-BF4B-00C04F79EFBC}") = "LTProtocol", "Comm\LTProtocol\LTProtocol.csproj", "{A0C2548C-25AC-4D20-888C-8E0518A60EA3}"
EndProject
Project("{FAE04EC0-301F-11D3-BF4B-00C04F79EFBC}") = "LTWMSWebMVC", "WMS2.0\LTWMSWebMVC\LTWMSWebMVC.csproj", "{B6A4B0CC-50D8-46BE-BA86-01726179D8EE}"
EndProject
Project("{FAE04EC0-301F-11D3-BF4B-00C04F79EFBC}") = "LTWMSServer", "WMS2.0\LTWMSServer\LTWMSServer.csproj", "{63821793-0E43-4044-BCB2-A83F1AB5293D}"
EndProject
Project("{FAE04EC0-301F-11D3-BF4B-00C04F79EFBC}") = "LTWMSService", "WMS2.0\LTWMSService\LTWMSService.csproj", "{A8789AB7-340F-45F6-B686-320D13E4CDEB}"
EndProject
Project("{FAE04EC0-301F-11D3-BF4B-00C04F79EFBC}") = "LTWMSModule", "WMS2.0\LTWMSModule\LTWMSModule.csproj", "{CAB290AE-13E2-4EA4-8DEE-65FF69A5431D}"
EndProject
Project("{2150E333-8FDC-42A3-9474-1A3956D46DE8}") = "WCS1.0", "WCS1.0", "{D29C2372-EBD5-4487-B1CD-C8E9BBEB09C7}"
EndProject
Project("{FAE04EC0-301F-11D3-BF4B-00C04F79EFBC}") = "LTWCSModule", "WCS1.0\LTWCSModule\LTWCSModule.csproj", "{C3133D46-AE0D-4856-ADE2-4C614830A568}"
EndProject
Project("{FAE04EC0-301F-11D3-BF4B-00C04F79EFBC}") = "LTWCSClientWinService", "WCS1.0\LTWCSClientWinService\LTWCSClientWinService.csproj", "{B5FD5720-B434-4307-B9BB-40843FE210F5}"
EndProject
Project("{FAE04EC0-301F-11D3-BF4B-00C04F79EFBC}") = "LTWCSService", "WCS1.0\LTWCSService\LTWCSService.csproj", "{DD25AFE9-746C-400A-AEF8-4F5D23D2194E}"
EndProject
Project("{FAE04EC0-301F-11D3-BF4B-00C04F79EFBC}") = "DbBackUpService", "Comm\DbBackUpService\DbBackUpService.csproj", "{42194F4E-F851-4D2B-A266-1E2BD68BAE14}"
EndProject
Project("{FAE04EC0-301F-11D3-BF4B-00C04F79EFBC}") = "LTWMSWinService", "WMS2.0\LTWMSWinService\LTWMSWinService.csproj", "{31647CBC-26B7-41E7-9C0F-3E0E3B82843A}"
EndProject
Global
	GlobalSection(SolutionConfigurationPlatforms) = preSolution
		Debug|Any CPU = Debug|Any CPU
		Release|Any CPU = Release|Any CPU
	EndGlobalSection
	GlobalSection(ProjectConfigurationPlatforms) = postSolution
		{C478C464-25A1-4CE8-BD16-D22118CD2E88}.Debug|Any CPU.ActiveCfg = Debug|Any CPU
		{C478C464-25A1-4CE8-BD16-D22118CD2E88}.Debug|Any CPU.Build.0 = Debug|Any CPU
		{C478C464-25A1-4CE8-BD16-D22118CD2E88}.Release|Any CPU.ActiveCfg = Release|Any CPU
		{C478C464-25A1-4CE8-BD16-D22118CD2E88}.Release|Any CPU.Build.0 = Release|Any CPU
		{9702C3F1-885F-4AE7-A521-07E7AB1DBE98}.Debug|Any CPU.ActiveCfg = Debug|Any CPU
		{9702C3F1-885F-4AE7-A521-07E7AB1DBE98}.Debug|Any CPU.Build.0 = Debug|Any CPU
		{9702C3F1-885F-4AE7-A521-07E7AB1DBE98}.Release|Any CPU.ActiveCfg = Release|Any CPU
		{9702C3F1-885F-4AE7-A521-07E7AB1DBE98}.Release|Any CPU.Build.0 = Release|Any CPU
		{A0C2548C-25AC-4D20-888C-8E0518A60EA3}.Debug|Any CPU.ActiveCfg = Debug|Any CPU
		{A0C2548C-25AC-4D20-888C-8E0518A60EA3}.Debug|Any CPU.Build.0 = Debug|Any CPU
		{A0C2548C-25AC-4D20-888C-8E0518A60EA3}.Release|Any CPU.ActiveCfg = Release|Any CPU
		{A0C2548C-25AC-4D20-888C-8E0518A60EA3}.Release|Any CPU.Build.0 = Release|Any CPU
		{B6A4B0CC-50D8-46BE-BA86-01726179D8EE}.Debug|Any CPU.ActiveCfg = Debug|Any CPU
		{B6A4B0CC-50D8-46BE-BA86-01726179D8EE}.Debug|Any CPU.Build.0 = Debug|Any CPU
		{B6A4B0CC-50D8-46BE-BA86-01726179D8EE}.Release|Any CPU.ActiveCfg = Release|Any CPU
		{B6A4B0CC-50D8-46BE-BA86-01726179D8EE}.Release|Any CPU.Build.0 = Release|Any CPU
		{63821793-0E43-4044-BCB2-A83F1AB5293D}.Debug|Any CPU.ActiveCfg = Debug|Any CPU
		{63821793-0E43-4044-BCB2-A83F1AB5293D}.Debug|Any CPU.Build.0 = Debug|Any CPU
		{63821793-0E43-4044-BCB2-A83F1AB5293D}.Release|Any CPU.ActiveCfg = Release|Any CPU
		{63821793-0E43-4044-BCB2-A83F1AB5293D}.Release|Any CPU.Build.0 = Release|Any CPU
		{A8789AB7-340F-45F6-B686-320D13E4CDEB}.Debug|Any CPU.ActiveCfg = Debug|Any CPU
		{A8789AB7-340F-45F6-B686-320D13E4CDEB}.Debug|Any CPU.Build.0 = Debug|Any CPU
		{A8789AB7-340F-45F6-B686-320D13E4CDEB}.Release|Any CPU.ActiveCfg = Release|Any CPU
		{A8789AB7-340F-45F6-B686-320D13E4CDEB}.Release|Any CPU.Build.0 = Release|Any CPU
		{CAB290AE-13E2-4EA4-8DEE-65FF69A5431D}.Debug|Any CPU.ActiveCfg = Debug|Any CPU
		{CAB290AE-13E2-4EA4-8DEE-65FF69A5431D}.Debug|Any CPU.Build.0 = Debug|Any CPU
		{CAB290AE-13E2-4EA4-8DEE-65FF69A5431D}.Release|Any CPU.ActiveCfg = Release|Any CPU
		{CAB290AE-13E2-4EA4-8DEE-65FF69A5431D}.Release|Any CPU.Build.0 = Release|Any CPU
		{C3133D46-AE0D-4856-ADE2-4C614830A568}.Debug|Any CPU.ActiveCfg = Debug|Any CPU
		{C3133D46-AE0D-4856-ADE2-4C614830A568}.Debug|Any CPU.Build.0 = Debug|Any CPU
		{C3133D46-AE0D-4856-ADE2-4C614830A568}.Release|Any CPU.ActiveCfg = Release|Any CPU
		{C3133D46-AE0D-4856-ADE2-4C614830A568}.Release|Any CPU.Build.0 = Release|Any CPU
		{B5FD5720-B434-4307-B9BB-40843FE210F5}.Debug|Any CPU.ActiveCfg = Debug|Any CPU
		{B5FD5720-B434-4307-B9BB-40843FE210F5}.Debug|Any CPU.Build.0 = Debug|Any CPU
		{B5FD5720-B434-4307-B9BB-40843FE210F5}.Release|Any CPU.ActiveCfg = Release|Any CPU
		{B5FD5720-B434-4307-B9BB-40843FE210F5}.Release|Any CPU.Build.0 = Release|Any CPU
		{DD25AFE9-746C-400A-AEF8-4F5D23D2194E}.Debug|Any CPU.ActiveCfg = Debug|Any CPU
		{DD25AFE9-746C-400A-AEF8-4F5D23D2194E}.Debug|Any CPU.Build.0 = Debug|Any CPU
		{DD25AFE9-746C-400A-AEF8-4F5D23D2194E}.Release|Any CPU.ActiveCfg = Release|Any CPU
		{DD25AFE9-746C-400A-AEF8-4F5D23D2194E}.Release|Any CPU.Build.0 = Release|Any CPU
		{42194F4E-F851-4D2B-A266-1E2BD68BAE14}.Debug|Any CPU.ActiveCfg = Debug|Any CPU
		{42194F4E-F851-4D2B-A266-1E2BD68BAE14}.Debug|Any CPU.Build.0 = Debug|Any CPU
		{42194F4E-F851-4D2B-A266-1E2BD68BAE14}.Release|Any CPU.ActiveCfg = Release|Any CPU
		{42194F4E-F851-4D2B-A266-1E2BD68BAE14}.Release|Any CPU.Build.0 = Release|Any CPU
		{31647CBC-26B7-41E7-9C0F-3E0E3B82843A}.Debug|Any CPU.ActiveCfg = Debug|Any CPU
		{31647CBC-26B7-41E7-9C0F-3E0E3B82843A}.Debug|Any CPU.Build.0 = Debug|Any CPU
		{31647CBC-26B7-41E7-9C0F-3E0E3B82843A}.Release|Any CPU.ActiveCfg = Release|Any CPU
		{31647CBC-26B7-41E7-9C0F-3E0E3B82843A}.Release|Any CPU.Build.0 = Release|Any CPU
	EndGlobalSection
	GlobalSection(SolutionProperties) = preSolution
		HideSolutionNode = FALSE
	EndGlobalSection
	GlobalSection(NestedProjects) = preSolution
		{C478C464-25A1-4CE8-BD16-D22118CD2E88} = {13A11235-7D1E-47EE-BFDC-8EB1271809CC}
		{9702C3F1-885F-4AE7-A521-07E7AB1DBE98} = {8EC53B23-3B10-4D2F-9004-6C79D168F94C}
		{A0C2548C-25AC-4D20-888C-8E0518A60EA3} = {13A11235-7D1E-47EE-BFDC-8EB1271809CC}
		{B6A4B0CC-50D8-46BE-BA86-01726179D8EE} = {8EC53B23-3B10-4D2F-9004-6C79D168F94C}
		{63821793-0E43-4044-BCB2-A83F1AB5293D} = {8EC53B23-3B10-4D2F-9004-6C79D168F94C}
		{A8789AB7-340F-45F6-B686-320D13E4CDEB} = {8EC53B23-3B10-4D2F-9004-6C79D168F94C}
		{CAB290AE-13E2-4EA4-8DEE-65FF69A5431D} = {8EC53B23-3B10-4D2F-9004-6C79D168F94C}
		{C3133D46-AE0D-4856-ADE2-4C614830A568} = {D29C2372-EBD5-4487-B1CD-C8E9BBEB09C7}
		{B5FD5720-B434-4307-B9BB-40843FE210F5} = {D29C2372-EBD5-4487-B1CD-C8E9BBEB09C7}
		{DD25AFE9-746C-400A-AEF8-4F5D23D2194E} = {D29C2372-EBD5-4487-B1CD-C8E9BBEB09C7}
		{42194F4E-F851-4D2B-A266-1E2BD68BAE14} = {13A11235-7D1E-47EE-BFDC-8EB1271809CC}
		{31647CBC-26B7-41E7-9C0F-3E0E3B82843A} = {8EC53B23-3B10-4D2F-9004-6C79D168F94C}
	EndGlobalSection
	GlobalSection(ExtensibilityGlobals) = postSolution
		SolutionGuid = {8930F863-E03D-403E-A75E-48C5B87B8A24}
	EndGlobalSection
EndGlobal
